
Microsoft Visual Studio Solution File, Format Version 12.00
# Visual Studio Version 17
VisualStudioVersion = 17.4.33110.190
MinimumVisualStudioVersion = 10.0.40219.1
Project("{FAE04EC0-301F-11D3-BF4B-00C04F79EFBC}") = "Vaga Printer", "Vaga Printer\Vaga Printer.csproj", "{BB492BCF-4CCD-4492-A822-A55CC600EDBE}"
EndProject
Global
	GlobalSection(SolutionConfigurationPlatforms) = preSolution
		Debug|Any CPU = Debug|Any CPU
		Release|Any CPU = Release|Any CPU
	EndGlobalSection
	GlobalSection(ProjectConfigurationPlatforms) = postSolution
		{BB492BCF-4CCD-4492-A822-A55CC600EDBE}.Debug|Any CPU.ActiveCfg = Debug|Any CPU
		{BB492BCF-4CCD-4492-A822-A55CC600EDBE}.Debug|Any CPU.Build.0 = Debug|Any CPU
		{BB492BCF-4CCD-4492-A822-A55CC600EDBE}.Release|Any CPU.ActiveCfg = Release|Any CPU
		{BB492BCF-4CCD-4492-A822-A55CC600EDBE}.Release|Any CPU.Build.0 = Release|Any CPU
	EndGlobalSection
	GlobalSection(SolutionProperties) = preSolution
		HideSolutionNode = FALSE
	EndGlobalSection
	GlobalSection(ExtensibilityGlobals) = postSolution
		SolutionGuid = {6BB98128-DF27-4F83-B07E-E54062BB5CC2}
	EndGlobalSection
EndGlobal
